
Microsoft Visual Studio Solution File, Format Version 12.00
# Visual Studio Version 17
VisualStudioVersion = 17.2.32616.157
MinimumVisualStudioVersion = 10.0.40219.1
Project("{FAE04EC0-301F-11D3-BF4B-00C04F79EFBC}") = "ApuestasApi", "ApuestasApi\ApuestasApi.csproj", "{A36544BA-C332-4B03-8AB1-7CA41BFC4CFD}"
EndProject
Global
	GlobalSection(SolutionConfigurationPlatforms) = preSolution
		Debug|Any CPU = Debug|Any CPU
		Release|Any CPU = Release|Any CPU
	EndGlobalSection
	GlobalSection(ProjectConfigurationPlatforms) = postSolution
		{A36544BA-C332-4B03-8AB1-7CA41BFC4CFD}.Debug|Any CPU.ActiveCfg = Debug|Any CPU
		{A36544BA-C332-4B03-8AB1-7CA41BFC4CFD}.Debug|Any CPU.Build.0 = Debug|Any CPU
		{A36544BA-C332-4B03-8AB1-7CA41BFC4CFD}.Release|Any CPU.ActiveCfg = Release|Any CPU
		{A36544BA-C332-4B03-8AB1-7CA41BFC4CFD}.Release|Any CPU.Build.0 = Release|Any CPU
	EndGlobalSection
	GlobalSection(SolutionProperties) = preSolution
		HideSolutionNode = FALSE
	EndGlobalSection
	GlobalSection(ExtensibilityGlobals) = postSolution
		SolutionGuid = {DC73FA67-97A7-40FB-BD8E-A6437A40C3F2}
	EndGlobalSection
EndGlobal
